
Microsoft Visual Studio Solution File, Format Version 12.00
# Visual Studio 14
VisualStudioVersion = 14.0.25420.1
MinimumVisualStudioVersion = 10.0.40219.1
Project("{FAE04EC0-301F-11D3-BF4B-00C04F79EFBC}") = "CsExport.Core", "CsExport.Core\CsExport.Core.csproj", "{5667461B-4989-44AA-AFB6-78AF0187B901}"
EndProject
Project("{FAE04EC0-301F-11D3-BF4B-00C04F79EFBC}") = "CsExport.Core.Tests", "CsExport.Core.Tests\CsExport.Core.Tests.csproj", "{C77569BB-019E-459E-9AEA-C487236F62C7}"
EndProject
Project("{FAE04EC0-301F-11D3-BF4B-00C04F79EFBC}") = "CsExport.Application.Logic", "CsExport.Application.Logic\CsExport.Application.Logic.csproj", "{5A7483EE-97F5-4AC8-BD4D-F4ED1313D67C}"
EndProject
Project("{FAE04EC0-301F-11D3-BF4B-00C04F79EFBC}") = "CsExport.Application.Logic.Tests", "CsExport.Application.Logic.Tests\CsExport.Application.Logic.Tests.csproj", "{6052012D-DCFA-491E-B4F8-00F99A1F9A3B}"
EndProject
Project("{FAE04EC0-301F-11D3-BF4B-00C04F79EFBC}") = "CsExport.Application.Console", "CsExport.Application.Console\CsExport.Application.Console.csproj", "{6480E5DE-1603-4E2A-BD27-03792A7919C7}"
EndProject
Project("{2150E333-8FDC-42A3-9474-1A3956D46DE8}") = "Tests", "Tests", "{F063CD8B-7F41-4ABC-9F4C-64BDB1AB67F0}"
EndProject
Global
	GlobalSection(SolutionConfigurationPlatforms) = preSolution
		Debug|Any CPU = Debug|Any CPU
		Release|Any CPU = Release|Any CPU
	EndGlobalSection
	GlobalSection(ProjectConfigurationPlatforms) = postSolution
		{5667461B-4989-44AA-AFB6-78AF0187B901}.Debug|Any CPU.ActiveCfg = Debug|Any CPU
		{5667461B-4989-44AA-AFB6-78AF0187B901}.Debug|Any CPU.Build.0 = Debug|Any CPU
		{5667461B-4989-44AA-AFB6-78AF0187B901}.Release|Any CPU.ActiveCfg = Release|Any CPU
		{5667461B-4989-44AA-AFB6-78AF0187B901}.Release|Any CPU.Build.0 = Release|Any CPU
		{C77569BB-019E-459E-9AEA-C487236F62C7}.Debug|Any CPU.ActiveCfg = Debug|Any CPU
		{C77569BB-019E-459E-9AEA-C487236F62C7}.Debug|Any CPU.Build.0 = Debug|Any CPU
		{C77569BB-019E-459E-9AEA-C487236F62C7}.Release|Any CPU.ActiveCfg = Release|Any CPU
		{C77569BB-019E-459E-9AEA-C487236F62C7}.Release|Any CPU.Build.0 = Release|Any CPU
		{5A7483EE-97F5-4AC8-BD4D-F4ED1313D67C}.Debug|Any CPU.ActiveCfg = Debug|Any CPU
		{5A7483EE-97F5-4AC8-BD4D-F4ED1313D67C}.Debug|Any CPU.Build.0 = Debug|Any CPU
		{5A7483EE-97F5-4AC8-BD4D-F4ED1313D67C}.Release|Any CPU.ActiveCfg = Release|Any CPU
		{5A7483EE-97F5-4AC8-BD4D-F4ED1313D67C}.Release|Any CPU.Build.0 = Release|Any CPU
		{6052012D-DCFA-491E-B4F8-00F99A1F9A3B}.Debug|Any CPU.ActiveCfg = Debug|Any CPU
		{6052012D-DCFA-491E-B4F8-00F99A1F9A3B}.Debug|Any CPU.Build.0 = Debug|Any CPU
		{6052012D-DCFA-491E-B4F8-00F99A1F9A3B}.Release|Any CPU.ActiveCfg = Release|Any CPU
		{6052012D-DCFA-491E-B4F8-00F99A1F9A3B}.Release|Any CPU.Build.0 = Release|Any CPU
		{6480E5DE-1603-4E2A-BD27-03792A7919C7}.Debug|Any CPU.ActiveCfg = Debug|Any CPU
		{6480E5DE-1603-4E2A-BD27-03792A7919C7}.Debug|Any CPU.Build.0 = Debug|Any CPU
		{6480E5DE-1603-4E2A-BD27-03792A7919C7}.Release|Any CPU.ActiveCfg = Release|Any CPU
		{6480E5DE-1603-4E2A-BD27-03792A7919C7}.Release|Any CPU.Build.0 = Release|Any CPU
	EndGlobalSection
	GlobalSection(SolutionProperties) = preSolution
		HideSolutionNode = FALSE
	EndGlobalSection
	GlobalSection(NestedProjects) = preSolution
		{C77569BB-019E-459E-9AEA-C487236F62C7} = {F063CD8B-7F41-4ABC-9F4C-64BDB1AB67F0}
		{6052012D-DCFA-491E-B4F8-00F99A1F9A3B} = {F063CD8B-7F41-4ABC-9F4C-64BDB1AB67F0}
	EndGlobalSection
EndGlobal
